
Microsoft Visual Studio Solution File, Format Version 12.00
# Visual Studio Version 17
VisualStudioVersion = 17.0.31903.59
MinimumVisualStudioVersion = 10.0.40219.1
Project("{FAE04EC0-301F-11D3-BF4B-00C04F79EFBC}") = "MongoDB", "Source\MongoDB.csproj", "{507D4337-5174-46B6-903C-D5B179E2C6E9}"
EndProject
Project("{FAE04EC0-301F-11D3-BF4B-00C04F79EFBC}") = "MongoDB.Specs", "Specifications\MongoDB.csproj", "{F9309A45-62CE-4535-AECC-3CF79CBB2F40}"
EndProject
Project("{FAE04EC0-301F-11D3-BF4B-00C04F79EFBC}") = "Samples", "Samples\Samples.csproj", "{25DF84A1-16BF-43CF-947B-11D407FC28D3}"
EndProject
Project("{2150E333-8FDC-42A3-9474-1A3956D46DE8}") = "SolutionItems", "SolutionItems", "{3B56E3C9-86ED-47DE-AF95-7C129040E3A4}"
	ProjectSection(SolutionItems) = preProject
		Directory.Packages.props = Directory.Packages.props
	EndProjectSection
EndProject
Global
	GlobalSection(SolutionConfigurationPlatforms) = preSolution
		Debug|Any CPU = Debug|Any CPU
		Release|Any CPU = Release|Any CPU
	EndGlobalSection
	GlobalSection(SolutionProperties) = preSolution
		HideSolutionNode = FALSE
	EndGlobalSection
	GlobalSection(ProjectConfigurationPlatforms) = postSolution
		{507D4337-5174-46B6-903C-D5B179E2C6E9}.Debug|Any CPU.ActiveCfg = Debug|Any CPU
		{507D4337-5174-46B6-903C-D5B179E2C6E9}.Debug|Any CPU.Build.0 = Debug|Any CPU
		{507D4337-5174-46B6-903C-D5B179E2C6E9}.Release|Any CPU.ActiveCfg = Release|Any CPU
		{507D4337-5174-46B6-903C-D5B179E2C6E9}.Release|Any CPU.Build.0 = Release|Any CPU
		{F9309A45-62CE-4535-AECC-3CF79CBB2F40}.Debug|Any CPU.ActiveCfg = Debug|Any CPU
		{F9309A45-62CE-4535-AECC-3CF79CBB2F40}.Debug|Any CPU.Build.0 = Debug|Any CPU
		{F9309A45-62CE-4535-AECC-3CF79CBB2F40}.Release|Any CPU.ActiveCfg = Release|Any CPU
		{F9309A45-62CE-4535-AECC-3CF79CBB2F40}.Release|Any CPU.Build.0 = Release|Any CPU
		{25DF84A1-16BF-43CF-947B-11D407FC28D3}.Debug|Any CPU.ActiveCfg = Debug|Any CPU
		{25DF84A1-16BF-43CF-947B-11D407FC28D3}.Debug|Any CPU.Build.0 = Debug|Any CPU
		{25DF84A1-16BF-43CF-947B-11D407FC28D3}.Release|Any CPU.ActiveCfg = Release|Any CPU
		{25DF84A1-16BF-43CF-947B-11D407FC28D3}.Release|Any CPU.Build.0 = Release|Any CPU
	EndGlobalSection
EndGlobal
